
Microsoft Visual Studio Solution File, Format Version 12.00
# Visual Studio Version 17
VisualStudioVersion = 17.14.36414.22
MinimumVisualStudioVersion = 10.0.40219.1
Project("{8BC9CEB8-8B4A-11D0-8D11-00A0C91BC942}") = "Ex1", "ConsoleApplication2\ConsoleApplication2.vcxproj", "{4F965890-F5C3-4F3A-B8ED-2233CA40E510}"
EndProject
Project("{8BC9CEB8-8B4A-11D0-8D11-00A0C91BC942}") = "Ex2", "Ex2\Ex2.vcxproj", "{08843BFE-D79C-4367-9B2E-E8B909E4C399}"
EndProject
Project("{8BC9CEB8-8B4A-11D0-8D11-00A0C91BC942}") = "Q1_1", "Q1_1\Q1_1.vcxproj", "{C0D7D780-6F1A-4D0D-973E-47A31DAD6B8B}"
EndProject
Project("{8BC9CEB8-8B4A-11D0-8D11-00A0C91BC942}") = "Q2_2", "Q2_1\Q2_1.vcxproj", "{6F5834AF-D001-4797-A7BF-3DA8B8A666DE}"
EndProject
Project("{8BC9CEB8-8B4A-11D0-8D11-00A0C91BC942}") = "Q2_ 1", "Q2_ 1\Q2_ 1.vcxproj", "{E407C5A3-8FCF-4441-9328-1D07FBA26C37}"
EndProject
Project("{8BC9CEB8-8B4A-11D0-8D11-00A0C91BC942}") = "Q3_1", "Q3_1\Q3_1.vcxproj", "{A87D968D-D8DE-48A0-97F0-7248387BC724}"
EndProject
Project("{8BC9CEB8-8B4A-11D0-8D11-00A0C91BC942}") = "Q4_1", "Q4_1\Q4_1.vcxproj", "{01975237-D398-4439-805C-5851F53C24AA}"
EndProject
Project("{8BC9CEB8-8B4A-11D0-8D11-00A0C91BC942}") = "Q5.1", "Q5.1\Q5.1.vcxproj", "{C869CCFA-3AF7-4359-9FBE-4750BFBCB379}"
EndProject
Project("{8BC9CEB8-8B4A-11D0-8D11-00A0C91BC942}") = "Q6.1", "Q6.1\Q6.1.vcxproj", "{6B2B0AB7-A92E-4C43-8903-B59E3785F672}"
EndProject
Project("{8BC9CEB8-8B4A-11D0-8D11-00A0C91BC942}") = "Q1_2", "Q1_2\Q1_2.vcxproj", "{A734CE70-FBBB-4D8B-93A0-7819E7F71E9A}"
EndProject
Project("{8BC9CEB8-8B4A-11D0-8D11-00A0C91BC942}") = "Q3_2", "Q3_2\Q3_2.vcxproj", "{F450BAF0-182F-4F48-877D-AE0BC4203A6A}"
EndProject
Global
	GlobalSection(SolutionConfigurationPlatforms) = preSolution
		Debug|x64 = Debug|x64
		Debug|x86 = Debug|x86
		Release|x64 = Release|x64
		Release|x86 = Release|x86
	EndGlobalSection
	GlobalSection(ProjectConfigurationPlatforms) = postSolution
		{4F965890-F5C3-4F3A-B8ED-2233CA40E510}.Debug|x64.ActiveCfg = Debug|x64
		{4F965890-F5C3-4F3A-B8ED-2233CA40E510}.Debug|x64.Build.0 = Debug|x64
		{4F965890-F5C3-4F3A-B8ED-2233CA40E510}.Debug|x86.ActiveCfg = Debug|Win32
		{4F965890-F5C3-4F3A-B8ED-2233CA40E510}.Debug|x86.Build.0 = Debug|Win32
		{4F965890-F5C3-4F3A-B8ED-2233CA40E510}.Release|x64.ActiveCfg = Release|x64
		{4F965890-F5C3-4F3A-B8ED-2233CA40E510}.Release|x64.Build.0 = Release|x64
		{4F965890-F5C3-4F3A-B8ED-2233CA40E510}.Release|x86.ActiveCfg = Release|Win32
		{4F965890-F5C3-4F3A-B8ED-2233CA40E510}.Release|x86.Build.0 = Release|Win32
		{08843BFE-D79C-4367-9B2E-E8B909E4C399}.Debug|x64.ActiveCfg = Debug|x64
		{08843BFE-D79C-4367-9B2E-E8B909E4C399}.Debug|x64.Build.0 = Debug|x64
		{08843BFE-D79C-4367-9B2E-E8B909E4C399}.Debug|x86.ActiveCfg = Debug|Win32
		{08843BFE-D79C-4367-9B2E-E8B909E4C399}.Debug|x86.Build.0 = Debug|Win32
		{08843BFE-D79C-4367-9B2E-E8B909E4C399}.Release|x64.ActiveCfg = Release|x64
		{08843BFE-D79C-4367-9B2E-E8B909E4C399}.Release|x64.Build.0 = Release|x64
		{08843BFE-D79C-4367-9B2E-E8B909E4C399}.Release|x86.ActiveCfg = Release|Win32
		{08843BFE-D79C-4367-9B2E-E8B909E4C399}.Release|x86.Build.0 = Release|Win32
		{C0D7D780-6F1A-4D0D-973E-47A31DAD6B8B}.Debug|x64.ActiveCfg = Debug|x64
		{C0D7D780-6F1A-4D0D-973E-47A31DAD6B8B}.Debug|x64.Build.0 = Debug|x64
		{C0D7D780-6F1A-4D0D-973E-47A31DAD6B8B}.Debug|x86.ActiveCfg = Debug|Win32
		{C0D7D780-6F1A-4D0D-973E-47A31DAD6B8B}.Debug|x86.Build.0 = Debug|Win32
		{C0D7D780-6F1A-4D0D-973E-47A31DAD6B8B}.Release|x64.ActiveCfg = Release|x64
		{C0D7D780-6F1A-4D0D-973E-47A31DAD6B8B}.Release|x64.Build.0 = Release|x64
		{C0D7D780-6F1A-4D0D-973E-47A31DAD6B8B}.Release|x86.ActiveCfg = Release|Win32
		{C0D7D780-6F1A-4D0D-973E-47A31DAD6B8B}.Release|x86.Build.0 = Release|Win32
		{6F5834AF-D001-4797-A7BF-3DA8B8A666DE}.Debug|x64.ActiveCfg = Debug|x64
		{6F5834AF-D001-4797-A7BF-3DA8B8A666DE}.Debug|x64.Build.0 = Debug|x64
		{6F5834AF-D001-4797-A7BF-3DA8B8A666DE}.Debug|x86.ActiveCfg = Debug|Win32
		{6F5834AF-D001-4797-A7BF-3DA8B8A666DE}.Debug|x86.Build.0 = Debug|Win32
		{6F5834AF-D001-4797-A7BF-3DA8B8A666DE}.Release|x64.ActiveCfg = Release|x64
		{6F5834AF-D001-4797-A7BF-3DA8B8A666DE}.Release|x64.Build.0 = Release|x64
		{6F5834AF-D001-4797-A7BF-3DA8B8A666DE}.Release|x86.ActiveCfg = Release|Win32
		{6F5834AF-D001-4797-A7BF-3DA8B8A666DE}.Release|x86.Build.0 = Release|Win32
		{E407C5A3-8FCF-4441-9328-1D07FBA26C37}.Debug|x64.ActiveCfg = Debug|x64
		{E407C5A3-8FCF-4441-9328-1D07FBA26C37}.Debug|x64.Build.0 = Debug|x64
		{E407C5A3-8FCF-4441-9328-1D07FBA26C37}.Debug|x86.ActiveCfg = Debug|Win32
		{E407C5A3-8FCF-4441-9328-1D07FBA26C37}.Debug|x86.Build.0 = Debug|Win32
		{E407C5A3-8FCF-4441-9328-1D07FBA26C37}.Release|x64.ActiveCfg = Release|x64
		{E407C5A3-8FCF-4441-9328-1D07FBA26C37}.Release|x64.Build.0 = Release|x64
		{E407C5A3-8FCF-4441-9328-1D07FBA26C37}.Release|x86.ActiveCfg = Release|Win32
		{E407C5A3-8FCF-4441-9328-1D07FBA26C37}.Release|x86.Build.0 = Release|Win32
		{A87D968D-D8DE-48A0-97F0-7248387BC724}.Debug|x64.ActiveCfg = Debug|x64
		{A87D968D-D8DE-48A0-97F0-7248387BC724}.Debug|x64.Build.0 = Debug|x64
		{A87D968D-D8DE-48A0-97F0-7248387BC724}.Debug|x86.ActiveCfg = Debug|Win32
		{A87D968D-D8DE-48A0-97F0-7248387BC724}.Debug|x86.Build.0 = Debug|Win32
		{A87D968D-D8DE-48A0-97F0-7248387BC724}.Release|x64.ActiveCfg = Release|x64
		{A87D968D-D8DE-48A0-97F0-7248387BC724}.Release|x64.Build.0 = Release|x64
		{A87D968D-D8DE-48A0-97F0-7248387BC724}.Release|x86.ActiveCfg = Release|Win32
		{A87D968D-D8DE-48A0-97F0-7248387BC724}.Release|x86.Build.0 = Release|Win32
		{01975237-D398-4439-805C-5851F53C24AA}.Debug|x64.ActiveCfg = Debug|x64
		{01975237-D398-4439-805C-5851F53C24AA}.Debug|x64.Build.0 = Debug|x64
		{01975237-D398-4439-805C-5851F53C24AA}.Debug|x86.ActiveCfg = Debug|Win32
		{01975237-D398-4439-805C-5851F53C24AA}.Debug|x86.Build.0 = Debug|Win32
		{01975237-D398-4439-805C-5851F53C24AA}.Release|x64.ActiveCfg = Release|x64
		{01975237-D398-4439-805C-5851F53C24AA}.Release|x64.Build.0 = Release|x64
		{01975237-D398-4439-805C-5851F53C24AA}.Release|x86.ActiveCfg = Release|Win32
		{01975237-D398-4439-805C-5851F53C24AA}.Release|x86.Build.0 = Release|Win32
		{C869CCFA-3AF7-4359-9FBE-4750BFBCB379}.Debug|x64.ActiveCfg = Debug|x64
		{C869CCFA-3AF7-4359-9FBE-4750BFBCB379}.Debug|x64.Build.0 = Debug|x64
		{C869CCFA-3AF7-4359-9FBE-4750BFBCB379}.Debug|x86.ActiveCfg = Debug|Win32
		{C869CCFA-3AF7-4359-9FBE-4750BFBCB379}.Debug|x86.Build.0 = Debug|Win32
		{C869CCFA-3AF7-4359-9FBE-4750BFBCB379}.Release|x64.ActiveCfg = Release|x64
		{C869CCFA-3AF7-4359-9FBE-4750BFBCB379}.Release|x64.Build.0 = Release|x64
		{C869CCFA-3AF7-4359-9FBE-4750BFBCB379}.Release|x86.ActiveCfg = Release|Win32
		{C869CCFA-3AF7-4359-9FBE-4750BFBCB379}.Release|x86.Build.0 = Release|Win32
		{6B2B0AB7-A92E-4C43-8903-B59E3785F672}.Debug|x64.ActiveCfg = Debug|x64
		{6B2B0AB7-A92E-4C43-8903-B59E3785F672}.Debug|x64.Build.0 = Debug|x64
		{6B2B0AB7-A92E-4C43-8903-B59E3785F672}.Debug|x86.ActiveCfg = Debug|Win32
		{6B2B0AB7-A92E-4C43-8903-B59E3785F672}.Debug|x86.Build.0 = Debug|Win32
		{6B2B0AB7-A92E-4C43-8903-B59E3785F672}.Release|x64.ActiveCfg = Release|x64
		{6B2B0AB7-A92E-4C43-8903-B59E3785F672}.Release|x64.Build.0 = Release|x64
		{6B2B0AB7-A92E-4C43-8903-B59E3785F672}.Release|x86.ActiveCfg = Release|Win32
		{6B2B0AB7-A92E-4C43-8903-B59E3785F672}.Release|x86.Build.0 = Release|Win32
		{A734CE70-FBBB-4D8B-93A0-7819E7F71E9A}.Debug|x64.ActiveCfg = Debug|x64
		{A734CE70-FBBB-4D8B-93A0-7819E7F71E9A}.Debug|x64.Build.0 = Debug|x64
		{A734CE70-FBBB-4D8B-93A0-7819E7F71E9A}.Debug|x86.ActiveCfg = Debug|Win32
		{A734CE70-FBBB-4D8B-93A0-7819E7F71E9A}.Debug|x86.Build.0 = Debug|Win32
		{A734CE70-FBBB-4D8B-93A0-7819E7F71E9A}.Release|x64.ActiveCfg = Release|x64
		{A734CE70-FBBB-4D8B-93A0-7819E7F71E9A}.Release|x64.Build.0 = Release|x64
		{A734CE70-FBBB-4D8B-93A0-7819E7F71E9A}.Release|x86.ActiveCfg = Release|Win32
		{A734CE70-FBBB-4D8B-93A0-7819E7F71E9A}.Release|x86.Build.0 = Release|Win32
		{F450BAF0-182F-4F48-877D-AE0BC4203A6A}.Debug|x64.ActiveCfg = Debug|x64
		{F450BAF0-182F-4F48-877D-AE0BC4203A6A}.Debug|x64.Build.0 = Debug|x64
		{F450BAF0-182F-4F48-877D-AE0BC4203A6A}.Debug|x86.ActiveCfg = Debug|Win32
		{F450BAF0-182F-4F48-877D-AE0BC4203A6A}.Debug|x86.Build.0 = Debug|Win32
		{F450BAF0-182F-4F48-877D-AE0BC4203A6A}.Release|x64.ActiveCfg = Release|x64
		{F450BAF0-182F-4F48-877D-AE0BC4203A6A}.Release|x64.Build.0 = Release|x64
		{F450BAF0-182F-4F48-877D-AE0BC4203A6A}.Release|x86.ActiveCfg = Release|Win32
		{F450BAF0-182F-4F48-877D-AE0BC4203A6A}.Release|x86.Build.0 = Release|Win32
	EndGlobalSection
	GlobalSection(SolutionProperties) = preSolution
		HideSolutionNode = FALSE
	EndGlobalSection
	GlobalSection(ExtensibilityGlobals) = postSolution
		SolutionGuid = {5C077128-06BD-4351-A760-902EE32ECE12}
	EndGlobalSection
EndGlobal
